
Microsoft Visual Studio Solution File, Format Version 12.00
# Visual Studio Version 16
VisualStudioVersion = 16.0.30907.101
MinimumVisualStudioVersion = 10.0.40219.1
Project("{9A19103F-16F7-4668-BE54-9A1E7A4F7556}") = "Customer.Api", "Customer.Api\Customer.Api.csproj", "{3083B402-2C64-4F6C-B991-2C554BECFA5F}"
EndProject
Project("{2150E333-8FDC-42A3-9474-1A3956D46DE8}") = "Customer", "Customer", "{E90D88F8-30F5-482F-B55F-6EF09B144443}"
EndProject
Project("{9A19103F-16F7-4668-BE54-9A1E7A4F7556}") = "Customer.Domain", "Customer.Domain\Customer.Domain.csproj", "{ACFB29EB-995F-4AD7-9A82-18BB85F88058}"
EndProject
Project("{9A19103F-16F7-4668-BE54-9A1E7A4F7556}") = "Customer.Test", "Customer.Test\Customer.Test.csproj", "{D5D6EF09-17F8-46B0-8930-CC4DA93C1A35}"
EndProject
Project("{9A19103F-16F7-4668-BE54-9A1E7A4F7556}") = "Customer.Repository", "Customer.Service\Customer.Repository.csproj", "{59795DD8-B61C-4755-8CBA-55C38A596D6B}"
EndProject
Project("{2150E333-8FDC-42A3-9474-1A3956D46DE8}") = "Charge", "Charge", "{517D8349-BBE0-4351-A9AC-8A034CD80A57}"
EndProject
Project("{9A19103F-16F7-4668-BE54-9A1E7A4F7556}") = "Charge.Api", "Charge.Api\Charge.Api.csproj", "{1AFD8F24-E4D2-4910-8CDD-C66B31C6C207}"
EndProject
Project("{2150E333-8FDC-42A3-9474-1A3956D46DE8}") = "UsageCalculation", "UsageCalculation", "{92325A71-B0B9-449C-A382-4BFD19BF1AD7}"
EndProject
Project("{9A19103F-16F7-4668-BE54-9A1E7A4F7556}") = "UsageCalculation.Worker", "UsageCalculation.Worker\UsageCalculation.Worker.csproj", "{662F15DE-AC7E-4EEC-BC6A-61B322DB6BF5}"
EndProject
Project("{9A19103F-16F7-4668-BE54-9A1E7A4F7556}") = "Charge.Domain", "Charge.Domain\Charge.Domain.csproj", "{A1A35A39-1995-42B4-8DE1-569D38D811F7}"
EndProject
Project("{9A19103F-16F7-4668-BE54-9A1E7A4F7556}") = "Charge.Repository", "Charge.Service\Charge.Repository.csproj", "{F0364C98-C55A-4FC4-87D3-A57A065EAD45}"
EndProject
Project("{2150E333-8FDC-42A3-9474-1A3956D46DE8}") = "Common", "Common", "{A5021D6D-2DF2-44BE-B632-9FADE56E8D94}"
EndProject
Project("{9A19103F-16F7-4668-BE54-9A1E7A4F7556}") = "Common.Util", "Common.Util\Common.Util.csproj", "{C837C39E-6738-4995-B366-7A52B682653F}"
EndProject
Project("{9A19103F-16F7-4668-BE54-9A1E7A4F7556}") = "Charge.Test", "Charge.Test\Charge.Test.csproj", "{A5C4A08B-5DE7-428D-BFFC-86830DF99030}"
EndProject
Project("{9A19103F-16F7-4668-BE54-9A1E7A4F7556}") = "Common.Util.Test", "Common.Util.Test\Common.Util.Test.csproj", "{0AF44E0F-44D8-4A8E-8FC5-361A74D04C08}"
EndProject
Project("{9A19103F-16F7-4668-BE54-9A1E7A4F7556}") = "UsageCalculation.Service", "UsageCalculation.Service\UsageCalculation.Service.csproj", "{78BD3F48-26BC-40B3-A213-A77A560B5742}"
EndProject
Project("{9A19103F-16F7-4668-BE54-9A1E7A4F7556}") = "UsageCalculation.Domain", "UsageCalculation.Domain\UsageCalculation.Domain.csproj", "{8FDBF712-EEA4-4DC9-8F62-3B5FF3688C1B}"
EndProject
Global
	GlobalSection(SolutionConfigurationPlatforms) = preSolution
		Debug|Any CPU = Debug|Any CPU
		Release|Any CPU = Release|Any CPU
	EndGlobalSection
	GlobalSection(ProjectConfigurationPlatforms) = postSolution
		{3083B402-2C64-4F6C-B991-2C554BECFA5F}.Debug|Any CPU.ActiveCfg = Debug|Any CPU
		{3083B402-2C64-4F6C-B991-2C554BECFA5F}.Debug|Any CPU.Build.0 = Debug|Any CPU
		{3083B402-2C64-4F6C-B991-2C554BECFA5F}.Release|Any CPU.ActiveCfg = Release|Any CPU
		{3083B402-2C64-4F6C-B991-2C554BECFA5F}.Release|Any CPU.Build.0 = Release|Any CPU
		{ACFB29EB-995F-4AD7-9A82-18BB85F88058}.Debug|Any CPU.ActiveCfg = Debug|Any CPU
		{ACFB29EB-995F-4AD7-9A82-18BB85F88058}.Debug|Any CPU.Build.0 = Debug|Any CPU
		{ACFB29EB-995F-4AD7-9A82-18BB85F88058}.Release|Any CPU.ActiveCfg = Release|Any CPU
		{ACFB29EB-995F-4AD7-9A82-18BB85F88058}.Release|Any CPU.Build.0 = Release|Any CPU
		{D5D6EF09-17F8-46B0-8930-CC4DA93C1A35}.Debug|Any CPU.ActiveCfg = Debug|Any CPU
		{D5D6EF09-17F8-46B0-8930-CC4DA93C1A35}.Debug|Any CPU.Build.0 = Debug|Any CPU
		{D5D6EF09-17F8-46B0-8930-CC4DA93C1A35}.Release|Any CPU.ActiveCfg = Release|Any CPU
		{D5D6EF09-17F8-46B0-8930-CC4DA93C1A35}.Release|Any CPU.Build.0 = Release|Any CPU
		{59795DD8-B61C-4755-8CBA-55C38A596D6B}.Debug|Any CPU.ActiveCfg = Debug|Any CPU
		{59795DD8-B61C-4755-8CBA-55C38A596D6B}.Debug|Any CPU.Build.0 = Debug|Any CPU
		{59795DD8-B61C-4755-8CBA-55C38A596D6B}.Release|Any CPU.ActiveCfg = Release|Any CPU
		{59795DD8-B61C-4755-8CBA-55C38A596D6B}.Release|Any CPU.Build.0 = Release|Any CPU
		{1AFD8F24-E4D2-4910-8CDD-C66B31C6C207}.Debug|Any CPU.ActiveCfg = Debug|Any CPU
		{1AFD8F24-E4D2-4910-8CDD-C66B31C6C207}.Debug|Any CPU.Build.0 = Debug|Any CPU
		{1AFD8F24-E4D2-4910-8CDD-C66B31C6C207}.Release|Any CPU.ActiveCfg = Release|Any CPU
		{1AFD8F24-E4D2-4910-8CDD-C66B31C6C207}.Release|Any CPU.Build.0 = Release|Any CPU
		{662F15DE-AC7E-4EEC-BC6A-61B322DB6BF5}.Debug|Any CPU.ActiveCfg = Debug|Any CPU
		{662F15DE-AC7E-4EEC-BC6A-61B322DB6BF5}.Debug|Any CPU.Build.0 = Debug|Any CPU
		{662F15DE-AC7E-4EEC-BC6A-61B322DB6BF5}.Release|Any CPU.ActiveCfg = Release|Any CPU
		{662F15DE-AC7E-4EEC-BC6A-61B322DB6BF5}.Release|Any CPU.Build.0 = Release|Any CPU
		{A1A35A39-1995-42B4-8DE1-569D38D811F7}.Debug|Any CPU.ActiveCfg = Debug|Any CPU
		{A1A35A39-1995-42B4-8DE1-569D38D811F7}.Debug|Any CPU.Build.0 = Debug|Any CPU
		{A1A35A39-1995-42B4-8DE1-569D38D811F7}.Release|Any CPU.ActiveCfg = Release|Any CPU
		{A1A35A39-1995-42B4-8DE1-569D38D811F7}.Release|Any CPU.Build.0 = Release|Any CPU
		{F0364C98-C55A-4FC4-87D3-A57A065EAD45}.Debug|Any CPU.ActiveCfg = Debug|Any CPU
		{F0364C98-C55A-4FC4-87D3-A57A065EAD45}.Debug|Any CPU.Build.0 = Debug|Any CPU
		{F0364C98-C55A-4FC4-87D3-A57A065EAD45}.Release|Any CPU.ActiveCfg = Release|Any CPU
		{F0364C98-C55A-4FC4-87D3-A57A065EAD45}.Release|Any CPU.Build.0 = Release|Any CPU
		{C837C39E-6738-4995-B366-7A52B682653F}.Debug|Any CPU.ActiveCfg = Debug|Any CPU
		{C837C39E-6738-4995-B366-7A52B682653F}.Debug|Any CPU.Build.0 = Debug|Any CPU
		{C837C39E-6738-4995-B366-7A52B682653F}.Release|Any CPU.ActiveCfg = Release|Any CPU
		{C837C39E-6738-4995-B366-7A52B682653F}.Release|Any CPU.Build.0 = Release|Any CPU
		{A5C4A08B-5DE7-428D-BFFC-86830DF99030}.Debug|Any CPU.ActiveCfg = Debug|Any CPU
		{A5C4A08B-5DE7-428D-BFFC-86830DF99030}.Debug|Any CPU.Build.0 = Debug|Any CPU
		{A5C4A08B-5DE7-428D-BFFC-86830DF99030}.Release|Any CPU.ActiveCfg = Release|Any CPU
		{A5C4A08B-5DE7-428D-BFFC-86830DF99030}.Release|Any CPU.Build.0 = Release|Any CPU
		{0AF44E0F-44D8-4A8E-8FC5-361A74D04C08}.Debug|Any CPU.ActiveCfg = Debug|Any CPU
		{0AF44E0F-44D8-4A8E-8FC5-361A74D04C08}.Debug|Any CPU.Build.0 = Debug|Any CPU
		{0AF44E0F-44D8-4A8E-8FC5-361A74D04C08}.Release|Any CPU.ActiveCfg = Release|Any CPU
		{0AF44E0F-44D8-4A8E-8FC5-361A74D04C08}.Release|Any CPU.Build.0 = Release|Any CPU
		{78BD3F48-26BC-40B3-A213-A77A560B5742}.Debug|Any CPU.ActiveCfg = Debug|Any CPU
		{78BD3F48-26BC-40B3-A213-A77A560B5742}.Debug|Any CPU.Build.0 = Debug|Any CPU
		{78BD3F48-26BC-40B3-A213-A77A560B5742}.Release|Any CPU.ActiveCfg = Release|Any CPU
		{78BD3F48-26BC-40B3-A213-A77A560B5742}.Release|Any CPU.Build.0 = Release|Any CPU
		{8FDBF712-EEA4-4DC9-8F62-3B5FF3688C1B}.Debug|Any CPU.ActiveCfg = Debug|Any CPU
		{8FDBF712-EEA4-4DC9-8F62-3B5FF3688C1B}.Debug|Any CPU.Build.0 = Debug|Any CPU
		{8FDBF712-EEA4-4DC9-8F62-3B5FF3688C1B}.Release|Any CPU.ActiveCfg = Release|Any CPU
		{8FDBF712-EEA4-4DC9-8F62-3B5FF3688C1B}.Release|Any CPU.Build.0 = Release|Any CPU
	EndGlobalSection
	GlobalSection(SolutionProperties) = preSolution
		HideSolutionNode = FALSE
	EndGlobalSection
	GlobalSection(NestedProjects) = preSolution
		{3083B402-2C64-4F6C-B991-2C554BECFA5F} = {E90D88F8-30F5-482F-B55F-6EF09B144443}
		{ACFB29EB-995F-4AD7-9A82-18BB85F88058} = {E90D88F8-30F5-482F-B55F-6EF09B144443}
		{D5D6EF09-17F8-46B0-8930-CC4DA93C1A35} = {E90D88F8-30F5-482F-B55F-6EF09B144443}
		{59795DD8-B61C-4755-8CBA-55C38A596D6B} = {E90D88F8-30F5-482F-B55F-6EF09B144443}
		{1AFD8F24-E4D2-4910-8CDD-C66B31C6C207} = {517D8349-BBE0-4351-A9AC-8A034CD80A57}
		{662F15DE-AC7E-4EEC-BC6A-61B322DB6BF5} = {92325A71-B0B9-449C-A382-4BFD19BF1AD7}
		{A1A35A39-1995-42B4-8DE1-569D38D811F7} = {517D8349-BBE0-4351-A9AC-8A034CD80A57}
		{F0364C98-C55A-4FC4-87D3-A57A065EAD45} = {517D8349-BBE0-4351-A9AC-8A034CD80A57}
		{C837C39E-6738-4995-B366-7A52B682653F} = {A5021D6D-2DF2-44BE-B632-9FADE56E8D94}
		{A5C4A08B-5DE7-428D-BFFC-86830DF99030} = {517D8349-BBE0-4351-A9AC-8A034CD80A57}
		{0AF44E0F-44D8-4A8E-8FC5-361A74D04C08} = {A5021D6D-2DF2-44BE-B632-9FADE56E8D94}
		{78BD3F48-26BC-40B3-A213-A77A560B5742} = {92325A71-B0B9-449C-A382-4BFD19BF1AD7}
		{8FDBF712-EEA4-4DC9-8F62-3B5FF3688C1B} = {92325A71-B0B9-449C-A382-4BFD19BF1AD7}
	EndGlobalSection
	GlobalSection(ExtensibilityGlobals) = postSolution
		SolutionGuid = {969E3BB1-09AB-4656-85E6-D3F6727C85CD}
	EndGlobalSection
EndGlobal
